
Microsoft Visual Studio Solution File, Format Version 12.00
# Visual Studio 15
VisualStudioVersion = 15.0.27130.2010
MinimumVisualStudioVersion = 10.0.40219.1
Project("{FAE04EC0-301F-11D3-BF4B-00C04F79EFBC}") = "AlumnoWinForms", "AlumnoWinForms\AlumnoWinForms.csproj", "{1BBFEBA5-2FD9-4E79-8221-B2B5DEE70CE3}"
EndProject
Project("{FAE04EC0-301F-11D3-BF4B-00C04F79EFBC}") = "AlumnoWinFormsUnitTests", "AlumnoWinFormsTests\AlumnoWinFormsUnitTests.csproj", "{FB7D511D-6482-4837-AD54-024BE5EF1E08}"
EndProject
Project("{FAE04EC0-301F-11D3-BF4B-00C04F79EFBC}") = "AlumnoWinFormsIntegrationTests", "AlumnoWinFormsIntegrationTests\AlumnoWinFormsIntegrationTests.csproj", "{4452A7A6-B8EB-49EA-9CE0-D268350ABB9A}"
EndProject
Global
	GlobalSection(SolutionConfigurationPlatforms) = preSolution
		Debug|Any CPU = Debug|Any CPU
		Release|Any CPU = Release|Any CPU
	EndGlobalSection
	GlobalSection(ProjectConfigurationPlatforms) = postSolution
		{1BBFEBA5-2FD9-4E79-8221-B2B5DEE70CE3}.Debug|Any CPU.ActiveCfg = Debug|Any CPU
		{1BBFEBA5-2FD9-4E79-8221-B2B5DEE70CE3}.Debug|Any CPU.Build.0 = Debug|Any CPU
		{1BBFEBA5-2FD9-4E79-8221-B2B5DEE70CE3}.Release|Any CPU.ActiveCfg = Release|Any CPU
		{1BBFEBA5-2FD9-4E79-8221-B2B5DEE70CE3}.Release|Any CPU.Build.0 = Release|Any CPU
		{FB7D511D-6482-4837-AD54-024BE5EF1E08}.Debug|Any CPU.ActiveCfg = Debug|Any CPU
		{FB7D511D-6482-4837-AD54-024BE5EF1E08}.Debug|Any CPU.Build.0 = Debug|Any CPU
		{FB7D511D-6482-4837-AD54-024BE5EF1E08}.Release|Any CPU.ActiveCfg = Release|Any CPU
		{FB7D511D-6482-4837-AD54-024BE5EF1E08}.Release|Any CPU.Build.0 = Release|Any CPU
		{4452A7A6-B8EB-49EA-9CE0-D268350ABB9A}.Debug|Any CPU.ActiveCfg = Debug|Any CPU
		{4452A7A6-B8EB-49EA-9CE0-D268350ABB9A}.Debug|Any CPU.Build.0 = Debug|Any CPU
		{4452A7A6-B8EB-49EA-9CE0-D268350ABB9A}.Release|Any CPU.ActiveCfg = Release|Any CPU
		{4452A7A6-B8EB-49EA-9CE0-D268350ABB9A}.Release|Any CPU.Build.0 = Release|Any CPU
	EndGlobalSection
	GlobalSection(SolutionProperties) = preSolution
		HideSolutionNode = FALSE
	EndGlobalSection
	GlobalSection(ExtensibilityGlobals) = postSolution
		SolutionGuid = {BE33A039-4CEC-46DE-AEB3-22A5A4478BAA}
	EndGlobalSection
EndGlobal
